
Microsoft Visual Studio Solution File, Format Version 12.00
# Visual Studio Version 17
VisualStudioVersion = 17.2.32526.322
MinimumVisualStudioVersion = 10.0.40219.1
Project("{FAE04EC0-301F-11D3-BF4B-00C04F79EFBC}") = "ApiNFL", "ApiNFL.csproj", "{1B0C1B5B-F352-4AD2-9527-E6C01C3D6373}"
EndProject
Global
	GlobalSection(SolutionConfigurationPlatforms) = preSolution
		Debug|Any CPU = Debug|Any CPU
		Release|Any CPU = Release|Any CPU
	EndGlobalSection
	GlobalSection(ProjectConfigurationPlatforms) = postSolution
		{1B0C1B5B-F352-4AD2-9527-E6C01C3D6373}.Debug|Any CPU.ActiveCfg = Debug|Any CPU
		{1B0C1B5B-F352-4AD2-9527-E6C01C3D6373}.Debug|Any CPU.Build.0 = Debug|Any CPU
		{1B0C1B5B-F352-4AD2-9527-E6C01C3D6373}.Release|Any CPU.ActiveCfg = Release|Any CPU
		{1B0C1B5B-F352-4AD2-9527-E6C01C3D6373}.Release|Any CPU.Build.0 = Release|Any CPU
	EndGlobalSection
	GlobalSection(SolutionProperties) = preSolution
		HideSolutionNode = FALSE
	EndGlobalSection
	GlobalSection(ExtensibilityGlobals) = postSolution
		SolutionGuid = {45600F52-CE6A-4FB6-858E-AEBF16301461}
	EndGlobalSection
EndGlobal
